
Microsoft Visual Studio Solution File, Format Version 12.00
# Visual Studio Version 17
VisualStudioVersion = 17.0.31903.59
MinimumVisualStudioVersion = 10.0.40219.1
Project("{FAE04EC0-301F-11D3-BF4B-00C04F79EFBC}") = "WhisperDesk", "src\WhisperDesk\WhisperDesk.csproj", "{A1B2C3D4-E5F6-7890-ABCD-EF1234567890}"
EndProject
Project("{FAE04EC0-301F-11D3-BF4B-00C04F79EFBC}") = "WhisperDesk.Tests", "tests\WhisperDesk.Tests\WhisperDesk.Tests.csproj", "{B2C3D4E5-F6A7-8901-BCDE-F12345678901}"
EndProject
Project("{2150E333-8FDC-42A3-9474-1A3956D46DE8}") = "src", "src", "{827E0CD3-B72D-47B6-A68D-7590B98EB39B}"
EndProject
Project("{FAE04EC0-301F-11D3-BF4B-00C04F79EFBC}") = "WhisperDesk.Core", "src\WhisperDesk.Core\WhisperDesk.Core.csproj", "{1547A36F-E09C-49E7-BC04-078C6C41D7F7}"
EndProject
Project("{FAE04EC0-301F-11D3-BF4B-00C04F79EFBC}") = "WhisperDesk.Stt.Contract", "src\stt\WhisperDesk.Stt.Contract\WhisperDesk.Stt.Contract.csproj", "{B40F2C75-2077-447C-90E1-C695943C1F7F}"
EndProject
Project("{FAE04EC0-301F-11D3-BF4B-00C04F79EFBC}") = "WhisperDesk.Stt", "src\stt\WhisperDesk.Stt\WhisperDesk.Stt.csproj", "{B65409DD-1615-4E5E-9E0B-A2876B80633A}"
EndProject
Project("{FAE04EC0-301F-11D3-BF4B-00C04F79EFBC}") = "WhisperDesk.Stt.Provider.Azure", "src\stt\providers\WhisperDesk.Stt.Provider.Azure\WhisperDesk.Stt.Provider.Azure.csproj", "{BE3CBEBE-D5AB-4323-86A9-B29595934512}"
EndProject
Project("{FAE04EC0-301F-11D3-BF4B-00C04F79EFBC}") = "WhisperDesk.Stt.Provider.Volcengine", "src\stt\providers\WhisperDesk.Stt.Provider.Volcengine\WhisperDesk.Stt.Provider.Volcengine.csproj", "{484FB2A8-8EDC-4703-B93C-27A37085643F}"
EndProject
Global
	GlobalSection(SolutionConfigurationPlatforms) = preSolution
		Debug|Any CPU = Debug|Any CPU
		Debug|x64 = Debug|x64
		Debug|x86 = Debug|x86
		Release|Any CPU = Release|Any CPU
		Release|x64 = Release|x64
		Release|x86 = Release|x86
	EndGlobalSection
	GlobalSection(ProjectConfigurationPlatforms) = postSolution
		{A1B2C3D4-E5F6-7890-ABCD-EF1234567890}.Debug|Any CPU.ActiveCfg = Debug|Any CPU
		{A1B2C3D4-E5F6-7890-ABCD-EF1234567890}.Debug|Any CPU.Build.0 = Debug|Any CPU
		{A1B2C3D4-E5F6-7890-ABCD-EF1234567890}.Debug|x64.ActiveCfg = Debug|Any CPU
		{A1B2C3D4-E5F6-7890-ABCD-EF1234567890}.Debug|x64.Build.0 = Debug|Any CPU
		{A1B2C3D4-E5F6-7890-ABCD-EF1234567890}.Debug|x86.ActiveCfg = Debug|Any CPU
		{A1B2C3D4-E5F6-7890-ABCD-EF1234567890}.Debug|x86.Build.0 = Debug|Any CPU
		{A1B2C3D4-E5F6-7890-ABCD-EF1234567890}.Release|Any CPU.ActiveCfg = Release|Any CPU
		{A1B2C3D4-E5F6-7890-ABCD-EF1234567890}.Release|Any CPU.Build.0 = Release|Any CPU
		{A1B2C3D4-E5F6-7890-ABCD-EF1234567890}.Release|x64.ActiveCfg = Release|Any CPU
		{A1B2C3D4-E5F6-7890-ABCD-EF1234567890}.Release|x64.Build.0 = Release|Any CPU
		{A1B2C3D4-E5F6-7890-ABCD-EF1234567890}.Release|x86.ActiveCfg = Release|Any CPU
		{A1B2C3D4-E5F6-7890-ABCD-EF1234567890}.Release|x86.Build.0 = Release|Any CPU
		{B2C3D4E5-F6A7-8901-BCDE-F12345678901}.Debug|Any CPU.ActiveCfg = Debug|Any CPU
		{B2C3D4E5-F6A7-8901-BCDE-F12345678901}.Debug|Any CPU.Build.0 = Debug|Any CPU
		{B2C3D4E5-F6A7-8901-BCDE-F12345678901}.Debug|x64.ActiveCfg = Debug|Any CPU
		{B2C3D4E5-F6A7-8901-BCDE-F12345678901}.Debug|x64.Build.0 = Debug|Any CPU
		{B2C3D4E5-F6A7-8901-BCDE-F12345678901}.Debug|x86.ActiveCfg = Debug|Any CPU
		{B2C3D4E5-F6A7-8901-BCDE-F12345678901}.Debug|x86.Build.0 = Debug|Any CPU
		{B2C3D4E5-F6A7-8901-BCDE-F12345678901}.Release|Any CPU.ActiveCfg = Release|Any CPU
		{B2C3D4E5-F6A7-8901-BCDE-F12345678901}.Release|Any CPU.Build.0 = Release|Any CPU
		{B2C3D4E5-F6A7-8901-BCDE-F12345678901}.Release|x64.ActiveCfg = Release|Any CPU
		{B2C3D4E5-F6A7-8901-BCDE-F12345678901}.Release|x64.Build.0 = Release|Any CPU
		{B2C3D4E5-F6A7-8901-BCDE-F12345678901}.Release|x86.ActiveCfg = Release|Any CPU
		{B2C3D4E5-F6A7-8901-BCDE-F12345678901}.Release|x86.Build.0 = Release|Any CPU
		{1547A36F-E09C-49E7-BC04-078C6C41D7F7}.Debug|Any CPU.ActiveCfg = Debug|Any CPU
		{1547A36F-E09C-49E7-BC04-078C6C41D7F7}.Debug|Any CPU.Build.0 = Debug|Any CPU
		{1547A36F-E09C-49E7-BC04-078C6C41D7F7}.Debug|x64.ActiveCfg = Debug|Any CPU
		{1547A36F-E09C-49E7-BC04-078C6C41D7F7}.Debug|x64.Build.0 = Debug|Any CPU
		{1547A36F-E09C-49E7-BC04-078C6C41D7F7}.Debug|x86.ActiveCfg = Debug|Any CPU
		{1547A36F-E09C-49E7-BC04-078C6C41D7F7}.Debug|x86.Build.0 = Debug|Any CPU
		{1547A36F-E09C-49E7-BC04-078C6C41D7F7}.Release|Any CPU.ActiveCfg = Release|Any CPU
		{1547A36F-E09C-49E7-BC04-078C6C41D7F7}.Release|Any CPU.Build.0 = Release|Any CPU
		{1547A36F-E09C-49E7-BC04-078C6C41D7F7}.Release|x64.ActiveCfg = Release|Any CPU
		{1547A36F-E09C-49E7-BC04-078C6C41D7F7}.Release|x64.Build.0 = Release|Any CPU
		{1547A36F-E09C-49E7-BC04-078C6C41D7F7}.Release|x86.ActiveCfg = Release|Any CPU
		{1547A36F-E09C-49E7-BC04-078C6C41D7F7}.Release|x86.Build.0 = Release|Any CPU
		{B40F2C75-2077-447C-90E1-C695943C1F7F}.Debug|Any CPU.ActiveCfg = Debug|Any CPU
		{B40F2C75-2077-447C-90E1-C695943C1F7F}.Debug|Any CPU.Build.0 = Debug|Any CPU
		{B40F2C75-2077-447C-90E1-C695943C1F7F}.Debug|x64.ActiveCfg = Debug|Any CPU
		{B40F2C75-2077-447C-90E1-C695943C1F7F}.Debug|x64.Build.0 = Debug|Any CPU
		{B40F2C75-2077-447C-90E1-C695943C1F7F}.Debug|x86.ActiveCfg = Debug|Any CPU
		{B40F2C75-2077-447C-90E1-C695943C1F7F}.Debug|x86.Build.0 = Debug|Any CPU
		{B40F2C75-2077-447C-90E1-C695943C1F7F}.Release|Any CPU.ActiveCfg = Release|Any CPU
		{B40F2C75-2077-447C-90E1-C695943C1F7F}.Release|Any CPU.Build.0 = Release|Any CPU
		{B40F2C75-2077-447C-90E1-C695943C1F7F}.Release|x64.ActiveCfg = Release|Any CPU
		{B40F2C75-2077-447C-90E1-C695943C1F7F}.Release|x64.Build.0 = Release|Any CPU
		{B40F2C75-2077-447C-90E1-C695943C1F7F}.Release|x86.ActiveCfg = Release|Any CPU
		{B40F2C75-2077-447C-90E1-C695943C1F7F}.Release|x86.Build.0 = Release|Any CPU
		{B65409DD-1615-4E5E-9E0B-A2876B80633A}.Debug|Any CPU.ActiveCfg = Debug|Any CPU
		{B65409DD-1615-4E5E-9E0B-A2876B80633A}.Debug|Any CPU.Build.0 = Debug|Any CPU
		{B65409DD-1615-4E5E-9E0B-A2876B80633A}.Debug|x64.ActiveCfg = Debug|Any CPU
		{B65409DD-1615-4E5E-9E0B-A2876B80633A}.Debug|x64.Build.0 = Debug|Any CPU
		{B65409DD-1615-4E5E-9E0B-A2876B80633A}.Debug|x86.ActiveCfg = Debug|Any CPU
		{B65409DD-1615-4E5E-9E0B-A2876B80633A}.Debug|x86.Build.0 = Debug|Any CPU
		{B65409DD-1615-4E5E-9E0B-A2876B80633A}.Release|Any CPU.ActiveCfg = Release|Any CPU
		{B65409DD-1615-4E5E-9E0B-A2876B80633A}.Release|Any CPU.Build.0 = Release|Any CPU
		{B65409DD-1615-4E5E-9E0B-A2876B80633A}.Release|x64.ActiveCfg = Release|Any CPU
		{B65409DD-1615-4E5E-9E0B-A2876B80633A}.Release|x64.Build.0 = Release|Any CPU
		{B65409DD-1615-4E5E-9E0B-A2876B80633A}.Release|x86.ActiveCfg = Release|Any CPU
		{B65409DD-1615-4E5E-9E0B-A2876B80633A}.Release|x86.Build.0 = Release|Any CPU
		{BE3CBEBE-D5AB-4323-86A9-B29595934512}.Debug|Any CPU.ActiveCfg = Debug|Any CPU
		{BE3CBEBE-D5AB-4323-86A9-B29595934512}.Debug|Any CPU.Build.0 = Debug|Any CPU
		{BE3CBEBE-D5AB-4323-86A9-B29595934512}.Debug|x64.ActiveCfg = Debug|Any CPU
		{BE3CBEBE-D5AB-4323-86A9-B29595934512}.Debug|x64.Build.0 = Debug|Any CPU
		{BE3CBEBE-D5AB-4323-86A9-B29595934512}.Debug|x86.ActiveCfg = Debug|Any CPU
		{BE3CBEBE-D5AB-4323-86A9-B29595934512}.Debug|x86.Build.0 = Debug|Any CPU
		{BE3CBEBE-D5AB-4323-86A9-B29595934512}.Release|Any CPU.ActiveCfg = Release|Any CPU
		{BE3CBEBE-D5AB-4323-86A9-B29595934512}.Release|Any CPU.Build.0 = Release|Any CPU
		{BE3CBEBE-D5AB-4323-86A9-B29595934512}.Release|x64.ActiveCfg = Release|Any CPU
		{BE3CBEBE-D5AB-4323-86A9-B29595934512}.Release|x64.Build.0 = Release|Any CPU
		{BE3CBEBE-D5AB-4323-86A9-B29595934512}.Release|x86.ActiveCfg = Release|Any CPU
		{BE3CBEBE-D5AB-4323-86A9-B29595934512}.Release|x86.Build.0 = Release|Any CPU
		{484FB2A8-8EDC-4703-B93C-27A37085643F}.Debug|Any CPU.ActiveCfg = Debug|Any CPU
		{484FB2A8-8EDC-4703-B93C-27A37085643F}.Debug|Any CPU.Build.0 = Debug|Any CPU
		{484FB2A8-8EDC-4703-B93C-27A37085643F}.Debug|x64.ActiveCfg = Debug|Any CPU
		{484FB2A8-8EDC-4703-B93C-27A37085643F}.Debug|x64.Build.0 = Debug|Any CPU
		{484FB2A8-8EDC-4703-B93C-27A37085643F}.Debug|x86.ActiveCfg = Debug|Any CPU
		{484FB2A8-8EDC-4703-B93C-27A37085643F}.Debug|x86.Build.0 = Debug|Any CPU
		{484FB2A8-8EDC-4703-B93C-27A37085643F}.Release|Any CPU.ActiveCfg = Release|Any CPU
		{484FB2A8-8EDC-4703-B93C-27A37085643F}.Release|Any CPU.Build.0 = Release|Any CPU
		{484FB2A8-8EDC-4703-B93C-27A37085643F}.Release|x64.ActiveCfg = Release|Any CPU
		{484FB2A8-8EDC-4703-B93C-27A37085643F}.Release|x64.Build.0 = Release|Any CPU
		{484FB2A8-8EDC-4703-B93C-27A37085643F}.Release|x86.ActiveCfg = Release|Any CPU
		{484FB2A8-8EDC-4703-B93C-27A37085643F}.Release|x86.Build.0 = Release|Any CPU
	EndGlobalSection
	GlobalSection(SolutionProperties) = preSolution
		HideSolutionNode = FALSE
	EndGlobalSection
	GlobalSection(NestedProjects) = preSolution
		{1547A36F-E09C-49E7-BC04-078C6C41D7F7} = {827E0CD3-B72D-47B6-A68D-7590B98EB39B}
		{B40F2C75-2077-447C-90E1-C695943C1F7F} = {827E0CD3-B72D-47B6-A68D-7590B98EB39B}
		{B65409DD-1615-4E5E-9E0B-A2876B80633A} = {827E0CD3-B72D-47B6-A68D-7590B98EB39B}
		{BE3CBEBE-D5AB-4323-86A9-B29595934512} = {827E0CD3-B72D-47B6-A68D-7590B98EB39B}
		{484FB2A8-8EDC-4703-B93C-27A37085643F} = {827E0CD3-B72D-47B6-A68D-7590B98EB39B}
	EndGlobalSection
EndGlobal
